// !$*UTF8*$!
{
	archiveVersion = 1;
	classes = {
	};
	objectVersion = 56;
	objects = {

/* Begin PBXBuildFile section */
		761032EF2A9E7CFE00368841 /* HomeModel.swift in Sources */ = {isa = PBXBuildFile; fileRef = 761032EE2A9E7CFE00368841 /* HomeModel.swift */; };
		761032F22A9E7F0200368841 /* HomeData.json in Resources */ = {isa = PBXBuildFile; fileRef = 761032F12A9E7F0200368841 /* HomeData.json */; };
		761032F52A9E8D0C00368841 /* HomeService.swift in Sources */ = {isa = PBXBuildFile; fileRef = 761032F42A9E8D0C00368841 /* HomeService.swift */; };
		762F99EF2AC613F000032D8A /* PackDetailViewModel.swift in Sources */ = {isa = PBXBuildFile; fileRef = 762F99EE2AC613F000032D8A /* PackDetailViewModel.swift */; };
		762F99F32AC61EB700032D8A /* CACornerMask+Extension.swift in Sources */ = {isa = PBXBuildFile; fileRef = 762F99F02AC61EB700032D8A /* CACornerMask+Extension.swift */; };
		762F99F42AC61EB700032D8A /* String+Extension.swift in Sources */ = {isa = PBXBuildFile; fileRef = 762F99F12AC61EB700032D8A /* String+Extension.swift */; };
		762F99F52AC61EB700032D8A /* UIViewController+Extension.swift in Sources */ = {isa = PBXBuildFile; fileRef = 762F99F22AC61EB700032D8A /* UIViewController+Extension.swift */; };
		763F0DAE2ACCB3AE00FDC1B5 /* PackDetailExpandDetailTableViewCellScreen.swift in Sources */ = {isa = PBXBuildFile; fileRef = 763F0DAD2ACCB3AE00FDC1B5 /* PackDetailExpandDetailTableViewCellScreen.swift */; };
		763F0DB02ACCB44200FDC1B5 /* PackDetailExpandDetailTableViewCell.swift in Sources */ = {isa = PBXBuildFile; fileRef = 763F0DAF2ACCB44200FDC1B5 /* PackDetailExpandDetailTableViewCell.swift */; };
		767336A52A96822600CB3AA9 /* AppDelegate.swift in Sources */ = {isa = PBXBuildFile; fileRef = 767336A42A96822600CB3AA9 /* AppDelegate.swift */; };
		767336A72A96822600CB3AA9 /* SceneDelegate.swift in Sources */ = {isa = PBXBuildFile; fileRef = 767336A62A96822600CB3AA9 /* SceneDelegate.swift */; };
		767336A92A96822600CB3AA9 /* HomeVC.swift in Sources */ = {isa = PBXBuildFile; fileRef = 767336A82A96822600CB3AA9 /* HomeVC.swift */; };
		767336AE2A96822700CB3AA9 /* Assets.xcassets in Resources */ = {isa = PBXBuildFile; fileRef = 767336AD2A96822700CB3AA9 /* Assets.xcassets */; };
		767336B12A96822700CB3AA9 /* LaunchScreen.storyboard in Resources */ = {isa = PBXBuildFile; fileRef = 767336AF2A96822700CB3AA9 /* LaunchScreen.storyboard */; };
		767336BE2A9682DA00CB3AA9 /* HomeScreen.swift in Sources */ = {isa = PBXBuildFile; fileRef = 767336BD2A9682DA00CB3AA9 /* HomeScreen.swift */; };
		767336C22A96856600CB3AA9 /* UIView + Extension.swift in Sources */ = {isa = PBXBuildFile; fileRef = 767336C12A96856600CB3AA9 /* UIView + Extension.swift */; };
		767336CB2A96AB1A00CB3AA9 /* HomeFilterCollectionViewCellScreen.swift in Sources */ = {isa = PBXBuildFile; fileRef = 767336C92A96AB1A00CB3AA9 /* HomeFilterCollectionViewCellScreen.swift */; };
		767336CC2A96AB1A00CB3AA9 /* HomeFilterCollectionViewCell.swift in Sources */ = {isa = PBXBuildFile; fileRef = 767336CA2A96AB1A00CB3AA9 /* HomeFilterCollectionViewCell.swift */; };
		767336D22A96ADE000CB3AA9 /* HomeBodyTableViewCell.swift in Sources */ = {isa = PBXBuildFile; fileRef = 767336CF2A96ADE000CB3AA9 /* HomeBodyTableViewCell.swift */; };
		767336D32A96ADE000CB3AA9 /* HomeBodyTableViewCellScreen.swift in Sources */ = {isa = PBXBuildFile; fileRef = 767336D12A96ADE000CB3AA9 /* HomeBodyTableViewCellScreen.swift */; };
		768A09CC2AA66C2700ED6B67 /* PackDetailScreen.swift in Sources */ = {isa = PBXBuildFile; fileRef = 768A09CB2AA66C2700ED6B67 /* PackDetailScreen.swift */; };
		768A09CE2AA66C4600ED6B67 /* PackDetailVC.swift in Sources */ = {isa = PBXBuildFile; fileRef = 768A09CD2AA66C4600ED6B67 /* PackDetailVC.swift */; };
		768A09D12AA66E4200ED6B67 /* PackImageExpandDetailTableViewCell.swift in Sources */ = {isa = PBXBuildFile; fileRef = 768A09D02AA66E4200ED6B67 /* PackImageExpandDetailTableViewCell.swift */; };
		768A09D42AA66E6C00ED6B67 /* PackImageExpandDetailTableViewCellScreen.swift in Sources */ = {isa = PBXBuildFile; fileRef = 768A09D32AA66E6C00ED6B67 /* PackImageExpandDetailTableViewCellScreen.swift */; };
		768ADDDD2AA0CDD800B0C368 /* GenericService.swift in Sources */ = {isa = PBXBuildFile; fileRef = 768ADDDC2AA0CDD800B0C368 /* GenericService.swift */; };
		768BB3632A9E69C600844B4E /* HomeViewModel.swift in Sources */ = {isa = PBXBuildFile; fileRef = 768BB3622A9E69C600844B4E /* HomeViewModel.swift */; };
/* End PBXBuildFile section */

/* Begin PBXFileReference section */
		761032EE2A9E7CFE00368841 /* HomeModel.swift */ = {isa = PBXFileReference; lastKnownFileType = sourcecode.swift; path = HomeModel.swift; sourceTree = "<group>"; };
		761032F12A9E7F0200368841 /* HomeData.json */ = {isa = PBXFileReference; lastKnownFileType = text.json; path = HomeData.json; sourceTree = "<group>"; };
		761032F42A9E8D0C00368841 /* HomeService.swift */ = {isa = PBXFileReference; lastKnownFileType = sourcecode.swift; path = HomeService.swift; sourceTree = "<group>"; };
		762F99EE2AC613F000032D8A /* PackDetailViewModel.swift */ = {isa = PBXFileReference; lastKnownFileType = sourcecode.swift; path = PackDetailViewModel.swift; sourceTree = "<group>"; };
		762F99F02AC61EB700032D8A /* CACornerMask+Extension.swift */ = {isa = PBXFileReference; fileEncoding = 4; lastKnownFileType = sourcecode.swift; path = "CACornerMask+Extension.swift"; sourceTree = "<group>"; };
		762F99F12AC61EB700032D8A /* String+Extension.swift */ = {isa = PBXFileReference; fileEncoding = 4; lastKnownFileType = sourcecode.swift; path = "String+Extension.swift"; sourceTree = "<group>"; };
		762F99F22AC61EB700032D8A /* UIViewController+Extension.swift */ = {isa = PBXFileReference; fileEncoding = 4; lastKnownFileType = sourcecode.swift; path = "UIViewController+Extension.swift"; sourceTree = "<group>"; };
		763F0DAD2ACCB3AE00FDC1B5 /* PackDetailExpandDetailTableViewCellScreen.swift */ = {isa = PBXFileReference; lastKnownFileType = sourcecode.swift; path = PackDetailExpandDetailTableViewCellScreen.swift; sourceTree = "<group>"; };
		763F0DAF2ACCB44200FDC1B5 /* PackDetailExpandDetailTableViewCell.swift */ = {isa = PBXFileReference; lastKnownFileType = sourcecode.swift; path = PackDetailExpandDetailTableViewCell.swift; sourceTree = "<group>"; };
		767336A12A96822600CB3AA9 /* punchLoudness.app */ = {isa = PBXFileReference; explicitFileType = wrapper.application; includeInIndex = 0; path = punchLoudness.app; sourceTree = BUILT_PRODUCTS_DIR; };
		767336A42A96822600CB3AA9 /* AppDelegate.swift */ = {isa = PBXFileReference; lastKnownFileType = sourcecode.swift; path = AppDelegate.swift; sourceTree = "<group>"; };
		767336A62A96822600CB3AA9 /* SceneDelegate.swift */ = {isa = PBXFileReference; lastKnownFileType = sourcecode.swift; path = SceneDelegate.swift; sourceTree = "<group>"; };
		767336A82A96822600CB3AA9 /* HomeVC.swift */ = {isa = PBXFileReference; lastKnownFileType = sourcecode.swift; path = HomeVC.swift; sourceTree = "<group>"; };
		767336AD2A96822700CB3AA9 /* Assets.xcassets */ = {isa = PBXFileReference; lastKnownFileType = folder.assetcatalog; path = Assets.xcassets; sourceTree = "<group>"; };
		767336B02A96822700CB3AA9 /* Base */ = {isa = PBXFileReference; lastKnownFileType = file.storyboard; name = Base; path = Base.lproj/LaunchScreen.storyboard; sourceTree = "<group>"; };
		767336B22A96822700CB3AA9 /* Info.plist */ = {isa = PBXFileReference; lastKnownFileType = text.plist.xml; path = Info.plist; sourceTree = "<group>"; };
		767336BD2A9682DA00CB3AA9 /* HomeScreen.swift */ = {isa = PBXFileReference; lastKnownFileType = sourcecode.swift; path = HomeScreen.swift; sourceTree = "<group>"; };
		767336C12A96856600CB3AA9 /* UIView + Extension.swift */ = {isa = PBXFileReference; fileEncoding = 4; lastKnownFileType = sourcecode.swift; path = "UIView + Extension.swift"; sourceTree = "<group>"; };
		767336C92A96AB1A00CB3AA9 /* HomeFilterCollectionViewCellScreen.swift */ = {isa = PBXFileReference; fileEncoding = 4; lastKnownFileType = sourcecode.swift; path = HomeFilterCollectionViewCellScreen.swift; sourceTree = "<group>"; };
		767336CA2A96AB1A00CB3AA9 /* HomeFilterCollectionViewCell.swift */ = {isa = PBXFileReference; fileEncoding = 4; lastKnownFileType = sourcecode.swift; path = HomeFilterCollectionViewCell.swift; sourceTree = "<group>"; };
		767336CF2A96ADE000CB3AA9 /* HomeBodyTableViewCell.swift */ = {isa = PBXFileReference; fileEncoding = 4; lastKnownFileType = sourcecode.swift; path = HomeBodyTableViewCell.swift; sourceTree = "<group>"; };
		767336D12A96ADE000CB3AA9 /* HomeBodyTableViewCellScreen.swift */ = {isa = PBXFileReference; fileEncoding = 4; lastKnownFileType = sourcecode.swift; path = HomeBodyTableViewCellScreen.swift; sourceTree = "<group>"; };
		768A09CB2AA66C2700ED6B67 /* PackDetailScreen.swift */ = {isa = PBXFileReference; lastKnownFileType = sourcecode.swift; path = PackDetailScreen.swift; sourceTree = "<group>"; };
		768A09CD2AA66C4600ED6B67 /* PackDetailVC.swift */ = {isa = PBXFileReference; lastKnownFileType = sourcecode.swift; path = PackDetailVC.swift; sourceTree = "<group>"; };
		768A09D02AA66E4200ED6B67 /* PackImageExpandDetailTableViewCell.swift */ = {isa = PBXFileReference; lastKnownFileType = sourcecode.swift; path = PackImageExpandDetailTableViewCell.swift; sourceTree = "<group>"; };
		768A09D32AA66E6C00ED6B67 /* PackImageExpandDetailTableViewCellScreen.swift */ = {isa = PBXFileReference; lastKnownFileType = sourcecode.swift; path = PackImageExpandDetailTableViewCellScreen.swift; sourceTree = "<group>"; };
		768ADDDC2AA0CDD800B0C368 /* GenericService.swift */ = {isa = PBXFileReference; lastKnownFileType = sourcecode.swift; path = GenericService.swift; sourceTree = "<group>"; };
		768BB3622A9E69C600844B4E /* HomeViewModel.swift */ = {isa = PBXFileReference; lastKnownFileType = sourcecode.swift; path = HomeViewModel.swift; sourceTree = "<group>"; };
/* End PBXFileReference section */

/* Begin PBXFrameworksBuildPhase section */
		7673369E2A96822600CB3AA9 /* Frameworks */ = {
			isa = PBXFrameworksBuildPhase;
			buildActionMask = 2147483647;
			files = (
			);
			runOnlyForDeploymentPostprocessing = 0;
		};
/* End PBXFrameworksBuildPhase section */

/* Begin PBXGroup section */
		761032ED2A9E7CC700368841 /* Model */ = {
			isa = PBXGroup;
			children = (
				761032EE2A9E7CFE00368841 /* HomeModel.swift */,
			);
			path = Model;
			sourceTree = "<group>";
		};
		761032F02A9E7EE300368841 /* Mock */ = {
			isa = PBXGroup;
			children = (
				761032F12A9E7F0200368841 /* HomeData.json */,
			);
			path = Mock;
			sourceTree = "<group>";
		};
		761032F32A9E8CB200368841 /* Service */ = {
			isa = PBXGroup;
			children = (
				761032F42A9E8D0C00368841 /* HomeService.swift */,
				768ADDDC2AA0CDD800B0C368 /* GenericService.swift */,
			);
			path = Service;
			sourceTree = "<group>";
		};
		762F99EC2AC613C200032D8A /* VC */ = {
			isa = PBXGroup;
			children = (
				768A09CD2AA66C4600ED6B67 /* PackDetailVC.swift */,
			);
			path = VC;
			sourceTree = "<group>";
		};
		762F99ED2AC613CF00032D8A /* ViewModel */ = {
			isa = PBXGroup;
			children = (
				762F99EE2AC613F000032D8A /* PackDetailViewModel.swift */,
			);
			path = ViewModel;
			sourceTree = "<group>";
		};
		763F0DAA2ACCB37B00FDC1B5 /* PackDetailExpandDetailTableViewCell */ = {
			isa = PBXGroup;
			children = (
				763F0DAC2ACCB39800FDC1B5 /* VC */,
				763F0DAB2ACCB39300FDC1B5 /* screen */,
			);
			path = PackDetailExpandDetailTableViewCell;
			sourceTree = "<group>";
		};
		763F0DAB2ACCB39300FDC1B5 /* screen */ = {
			isa = PBXGroup;
			children = (
				763F0DAD2ACCB3AE00FDC1B5 /* PackDetailExpandDetailTableViewCellScreen.swift */,
			);
			path = screen;
			sourceTree = "<group>";
		};
		763F0DAC2ACCB39800FDC1B5 /* VC */ = {
			isa = PBXGroup;
			children = (
				763F0DAF2ACCB44200FDC1B5 /* PackDetailExpandDetailTableViewCell.swift */,
			);
			path = VC;
			sourceTree = "<group>";
		};
		767336982A96822600CB3AA9 = {
			isa = PBXGroup;
			children = (
				767336A32A96822600CB3AA9 /* punchLoudness */,
				767336A22A96822600CB3AA9 /* Products */,
			);
			sourceTree = "<group>";
		};
		767336A22A96822600CB3AA9 /* Products */ = {
			isa = PBXGroup;
			children = (
				767336A12A96822600CB3AA9 /* punchLoudness.app */,
			);
			name = Products;
			sourceTree = "<group>";
		};
		767336A32A96822600CB3AA9 /* punchLoudness */ = {
			isa = PBXGroup;
			children = (
				767336A42A96822600CB3AA9 /* AppDelegate.swift */,
				767336A62A96822600CB3AA9 /* SceneDelegate.swift */,
				767336B82A96829400CB3AA9 /* src */,
				767336AD2A96822700CB3AA9 /* Assets.xcassets */,
				767336AF2A96822700CB3AA9 /* LaunchScreen.storyboard */,
				767336B22A96822700CB3AA9 /* Info.plist */,
			);
			path = punchLoudness;
			sourceTree = "<group>";
		};
		767336B82A96829400CB3AA9 /* src */ = {
			isa = PBXGroup;
			children = (
				761032ED2A9E7CC700368841 /* Model */,
				761032F32A9E8CB200368841 /* Service */,
				761032F02A9E7EE300368841 /* Mock */,
				767336C02A96840500CB3AA9 /* Utils */,
				767336B92A96829A00CB3AA9 /* feature */,
			);
			path = src;
			sourceTree = "<group>";
		};
		767336B92A96829A00CB3AA9 /* feature */ = {
			isa = PBXGroup;
			children = (
				767336CD2A96AB2000CB3AA9 /* Cells */,
				767336BA2A9682A900CB3AA9 /* Home */,
				768A09C92AA66BFB00ED6B67 /* PackDetails */,
			);
			path = feature;
			sourceTree = "<group>";
		};
		767336BA2A9682A900CB3AA9 /* Home */ = {
			isa = PBXGroup;
			children = (
				768BB3612A9E69A300844B4E /* ViewModel */,
				768BB3642A9E69DB00844B4E /* Screen */,
				768BB3652A9E69ED00844B4E /* VC */,
			);
			path = Home;
			sourceTree = "<group>";
		};
		767336BF2A9683F800CB3AA9 /* Extensions */ = {
			isa = PBXGroup;
			children = (
				762F99F02AC61EB700032D8A /* CACornerMask+Extension.swift */,
				762F99F12AC61EB700032D8A /* String+Extension.swift */,
				762F99F22AC61EB700032D8A /* UIViewController+Extension.swift */,
				767336C12A96856600CB3AA9 /* UIView + Extension.swift */,
			);
			path = Extensions;
			sourceTree = "<group>";
		};
		767336C02A96840500CB3AA9 /* Utils */ = {
			isa = PBXGroup;
			children = (
				767336BF2A9683F800CB3AA9 /* Extensions */,
			);
			path = Utils;
			sourceTree = "<group>";
		};
		767336C72A96AB1A00CB3AA9 /* HomeFilterCollectionViewCell */ = {
			isa = PBXGroup;
			children = (
				767336C82A96AB1A00CB3AA9 /* Screen */,
				767336CA2A96AB1A00CB3AA9 /* HomeFilterCollectionViewCell.swift */,
			);
			path = HomeFilterCollectionViewCell;
			sourceTree = "<group>";
		};
		767336C82A96AB1A00CB3AA9 /* Screen */ = {
			isa = PBXGroup;
			children = (
				767336C92A96AB1A00CB3AA9 /* HomeFilterCollectionViewCellScreen.swift */,
			);
			path = Screen;
			sourceTree = "<group>";
		};
		767336CD2A96AB2000CB3AA9 /* Cells */ = {
			isa = PBXGroup;
			children = (
				763F0DAA2ACCB37B00FDC1B5 /* PackDetailExpandDetailTableViewCell */,
				768A09CF2AA66DF700ED6B67 /* PackImageExpandDetailTableViewCell */,
				767336CE2A96ADE000CB3AA9 /* HomeBodyTableViewCell */,
				767336C72A96AB1A00CB3AA9 /* HomeFilterCollectionViewCell */,
			);
			path = Cells;
			sourceTree = "<group>";
		};
		767336CE2A96ADE000CB3AA9 /* HomeBodyTableViewCell */ = {
			isa = PBXGroup;
			children = (
				767336D02A96ADE000CB3AA9 /* Screen */,
				767336CF2A96ADE000CB3AA9 /* HomeBodyTableViewCell.swift */,
			);
			path = HomeBodyTableViewCell;
			sourceTree = "<group>";
		};
		767336D02A96ADE000CB3AA9 /* Screen */ = {
			isa = PBXGroup;
			children = (
				767336D12A96ADE000CB3AA9 /* HomeBodyTableViewCellScreen.swift */,
			);
			path = Screen;
			sourceTree = "<group>";
		};
		768A09C92AA66BFB00ED6B67 /* PackDetails */ = {
			isa = PBXGroup;
			children = (
				762F99ED2AC613CF00032D8A /* ViewModel */,
				768A09CA2AA66C0F00ED6B67 /* screen */,
				762F99EC2AC613C200032D8A /* VC */,
			);
			path = PackDetails;
			sourceTree = "<group>";
		};
		768A09CA2AA66C0F00ED6B67 /* screen */ = {
			isa = PBXGroup;
			children = (
				768A09CB2AA66C2700ED6B67 /* PackDetailScreen.swift */,
			);
			path = screen;
			sourceTree = "<group>";
		};
		768A09CF2AA66DF700ED6B67 /* PackImageExpandDetailTableViewCell */ = {
			isa = PBXGroup;
			children = (
				768A09D22AA66E4D00ED6B67 /* screen */,
				768A09D02AA66E4200ED6B67 /* PackImageExpandDetailTableViewCell.swift */,
			);
			path = PackImageExpandDetailTableViewCell;
			sourceTree = "<group>";
		};
		768A09D22AA66E4D00ED6B67 /* screen */ = {
			isa = PBXGroup;
			children = (
				768A09D32AA66E6C00ED6B67 /* PackImageExpandDetailTableViewCellScreen.swift */,
			);
			path = screen;
			sourceTree = "<group>";
		};
		768BB3612A9E69A300844B4E /* ViewModel */ = {
			isa = PBXGroup;
			children = (
				768BB3622A9E69C600844B4E /* HomeViewModel.swift */,
			);
			path = ViewModel;
			sourceTree = "<group>";
		};
		768BB3642A9E69DB00844B4E /* Screen */ = {
			isa = PBXGroup;
			children = (
				767336BD2A9682DA00CB3AA9 /* HomeScreen.swift */,
			);
			path = Screen;
			sourceTree = "<group>";
		};
		768BB3652A9E69ED00844B4E /* VC */ = {
			isa = PBXGroup;
			children = (
				767336A82A96822600CB3AA9 /* HomeVC.swift */,
			);
			path = VC;
			sourceTree = "<group>";
		};
/* End PBXGroup section */

/* Begin PBXNativeTarget section */
		767336A02A96822600CB3AA9 /* punchLoudness */ = {
			isa = PBXNativeTarget;
			buildConfigurationList = 767336B52A96822700CB3AA9 /* Build configuration list for PBXNativeTarget "punchLoudness" */;
			buildPhases = (
				7673369D2A96822600CB3AA9 /* Sources */,
				7673369E2A96822600CB3AA9 /* Frameworks */,
				7673369F2A96822600CB3AA9 /* Resources */,
			);
			buildRules = (
			);
			dependencies = (
			);
			name = punchLoudness;
			productName = punchLoudness;
			productReference = 767336A12A96822600CB3AA9 /* punchLoudness.app */;
			productType = "com.apple.product-type.application";
		};
/* End PBXNativeTarget section */

/* Begin PBXProject section */
		767336992A96822600CB3AA9 /* Project object */ = {
			isa = PBXProject;
			attributes = {
				BuildIndependentTargetsInParallel = 1;
				LastSwiftUpdateCheck = 1430;
				LastUpgradeCheck = 1500;
				TargetAttributes = {
					767336A02A96822600CB3AA9 = {
						CreatedOnToolsVersion = 14.3.1;
					};
				};
			};
			buildConfigurationList = 7673369C2A96822600CB3AA9 /* Build configuration list for PBXProject "punchLoudness" */;
			compatibilityVersion = "Xcode 14.0";
			developmentRegion = en;
			hasScannedForEncodings = 0;
			knownRegions = (
				en,
				Base,
			);
			mainGroup = 767336982A96822600CB3AA9;
			productRefGroup = 767336A22A96822600CB3AA9 /* Products */;
			projectDirPath = "";
			projectRoot = "";
			targets = (
				767336A02A96822600CB3AA9 /* punchLoudness */,
			);
		};
/* End PBXProject section */

/* Begin PBXResourcesBuildPhase section */
		7673369F2A96822600CB3AA9 /* Resources */ = {
			isa = PBXResourcesBuildPhase;
			buildActionMask = 2147483647;
			files = (
				767336B12A96822700CB3AA9 /* LaunchScreen.storyboard in Resources */,
				767336AE2A96822700CB3AA9 /* Assets.xcassets in Resources */,
				761032F22A9E7F0200368841 /* HomeData.json in Resources */,
			);
			runOnlyForDeploymentPostprocessing = 0;
		};
/* End PBXResourcesBuildPhase section */

/* Begin PBXSourcesBuildPhase section */
		7673369D2A96822600CB3AA9 /* Sources */ = {
			isa = PBXSourcesBuildPhase;
			buildActionMask = 2147483647;
			files = (
				768A09CE2AA66C4600ED6B67 /* PackDetailVC.swift in Sources */,
				768A09D12AA66E4200ED6B67 /* PackImageExpandDetailTableViewCell.swift in Sources */,
				767336BE2A9682DA00CB3AA9 /* HomeScreen.swift in Sources */,
				767336CC2A96AB1A00CB3AA9 /* HomeFilterCollectionViewCell.swift in Sources */,
				761032EF2A9E7CFE00368841 /* HomeModel.swift in Sources */,
				767336A92A96822600CB3AA9 /* HomeVC.swift in Sources */,
				768BB3632A9E69C600844B4E /* HomeViewModel.swift in Sources */,
				768A09CC2AA66C2700ED6B67 /* PackDetailScreen.swift in Sources */,
				763F0DB02ACCB44200FDC1B5 /* PackDetailExpandDetailTableViewCell.swift in Sources */,
				763F0DAE2ACCB3AE00FDC1B5 /* PackDetailExpandDetailTableViewCellScreen.swift in Sources */,
				762F99F42AC61EB700032D8A /* String+Extension.swift in Sources */,
				767336A52A96822600CB3AA9 /* AppDelegate.swift in Sources */,
				768ADDDD2AA0CDD800B0C368 /* GenericService.swift in Sources */,
				761032F52A9E8D0C00368841 /* HomeService.swift in Sources */,
				767336D22A96ADE000CB3AA9 /* HomeBodyTableViewCell.swift in Sources */,
				767336C22A96856600CB3AA9 /* UIView + Extension.swift in Sources */,
				767336A72A96822600CB3AA9 /* SceneDelegate.swift in Sources */,
				762F99EF2AC613F000032D8A /* PackDetailViewModel.swift in Sources */,
				767336D32A96ADE000CB3AA9 /* HomeBodyTableViewCellScreen.swift in Sources */,
				762F99F32AC61EB700032D8A /* CACornerMask+Extension.swift in Sources */,
				762F99F52AC61EB700032D8A /* UIViewController+Extension.swift in Sources */,
				768A09D42AA66E6C00ED6B67 /* PackImageExpandDetailTableViewCellScreen.swift in Sources */,
				767336CB2A96AB1A00CB3AA9 /* HomeFilterCollectionViewCellScreen.swift in Sources */,
			);
			runOnlyForDeploymentPostprocessing = 0;
		};
/* End PBXSourcesBuildPhase section */

/* Begin PBXVariantGroup section */
		767336AF2A96822700CB3AA9 /* LaunchScreen.storyboard */ = {
			isa = PBXVariantGroup;
			children = (
				767336B02A96822700CB3AA9 /* Base */,
			);
			name = LaunchScreen.storyboard;
			sourceTree = "<group>";
		};
/* End PBXVariantGroup section */

/* Begin XCBuildConfiguration section */
		767336B32A96822700CB3AA9 /* Debug */ = {
			isa = XCBuildConfiguration;
			buildSettings = {
				ALWAYS_SEARCH_USER_PATHS = NO;
				CLANG_ANALYZER_NONNULL = YES;
				CLANG_ANALYZER_NUMBER_OBJECT_CONVERSION = YES_AGGRESSIVE;
				CLANG_CXX_LANGUAGE_STANDARD = "gnu++20";
				CLANG_ENABLE_MODULES = YES;
				CLANG_ENABLE_OBJC_ARC = YES;
				CLANG_ENABLE_OBJC_WEAK = YES;
				CLANG_WARN_BLOCK_CAPTURE_AUTORELEASING = YES;
				CLANG_WARN_BOOL_CONVERSION = YES;
				CLANG_WARN_COMMA = YES;
				CLANG_WARN_CONSTANT_CONVERSION = YES;
				CLANG_WARN_DEPRECATED_OBJC_IMPLEMENTATIONS = YES;
				CLANG_WARN_DIRECT_OBJC_ISA_USAGE = YES_ERROR;
				CLANG_WARN_DOCUMENTATION_COMMENTS = YES;
				CLANG_WARN_EMPTY_BODY = YES;
				CLANG_WARN_ENUM_CONVERSION = YES;
				CLANG_WARN_INFINITE_RECURSION = YES;
				CLANG_WARN_INT_CONVERSION = YES;
				CLANG_WARN_NON_LITERAL_NULL_CONVERSION = YES;
				CLANG_WARN_OBJC_IMPLICIT_RETAIN_SELF = YES;
				CLANG_WARN_OBJC_LITERAL_CONVERSION = YES;
				CLANG_WARN_OBJC_ROOT_CLASS = YES_ERROR;
				CLANG_WARN_QUOTED_INCLUDE_IN_FRAMEWORK_HEADER = YES;
				CLANG_WARN_RANGE_LOOP_ANALYSIS = YES;
				CLANG_WARN_STRICT_PROTOTYPES = YES;
				CLANG_WARN_SUSPICIOUS_MOVE = YES;
				CLANG_WARN_UNGUARDED_AVAILABILITY = YES_AGGRESSIVE;
				CLANG_WARN_UNREACHABLE_CODE = YES;
				CLANG_WARN__DUPLICATE_METHOD_MATCH = YES;
				COPY_PHASE_STRIP = NO;
				DEBUG_INFORMATION_FORMAT = dwarf;
				ENABLE_STRICT_OBJC_MSGSEND = YES;
				ENABLE_TESTABILITY = YES;
				ENABLE_USER_SCRIPT_SANDBOXING = YES;
				GCC_C_LANGUAGE_STANDARD = gnu11;
				GCC_DYNAMIC_NO_PIC = NO;
				GCC_NO_COMMON_BLOCKS = YES;
				GCC_OPTIMIZATION_LEVEL = 0;
				GCC_PREPROCESSOR_DEFINITIONS = (
					"DEBUG=1",
					"$(inherited)",
				);
				GCC_WARN_64_TO_32_BIT_CONVERSION = YES;
				GCC_WARN_ABOUT_RETURN_TYPE = YES_ERROR;
				GCC_WARN_UNDECLARED_SELECTOR = YES;
				GCC_WARN_UNINITIALIZED_AUTOS = YES_AGGRESSIVE;
				GCC_WARN_UNUSED_FUNCTION = YES;
				GCC_WARN_UNUSED_VARIABLE = YES;
				IPHONEOS_DEPLOYMENT_TARGET = 16.4;
				MTL_ENABLE_DEBUG_INFO = INCLUDE_SOURCE;
				MTL_FAST_MATH = YES;
				ONLY_ACTIVE_ARCH = YES;
				SDKROOT = iphoneos;
				SWIFT_ACTIVE_COMPILATION_CONDITIONS = DEBUG;
				SWIFT_OPTIMIZATION_LEVEL = "-Onone";
			};
			name = Debug;
		};
		767336B42A96822700CB3AA9 /* Release */ = {
			isa = XCBuildConfiguration;
			buildSettings = {
				ALWAYS_SEARCH_USER_PATHS = NO;
				CLANG_ANALYZER_NONNULL = YES;
				CLANG_ANALYZER_NUMBER_OBJECT_CONVERSION = YES_AGGRESSIVE;
				CLANG_CXX_LANGUAGE_STANDARD = "gnu++20";
				CLANG_ENABLE_MODULES = YES;
				CLANG_ENABLE_OBJC_ARC = YES;
				CLANG_ENABLE_OBJC_WEAK = YES;
				CLANG_WARN_BLOCK_CAPTURE_AUTORELEASING = YES;
				CLANG_WARN_BOOL_CONVERSION = YES;
				CLANG_WARN_COMMA = YES;
				CLANG_WARN_CONSTANT_CONVERSION = YES;
				CLANG_WARN_DEPRECATED_OBJC_IMPLEMENTATIONS = YES;
				CLANG_WARN_DIRECT_OBJC_ISA_USAGE = YES_ERROR;
				CLANG_WARN_DOCUMENTATION_COMMENTS = YES;
				CLANG_WARN_EMPTY_BODY = YES;
				CLANG_WARN_ENUM_CONVERSION = YES;
				CLANG_WARN_INFINITE_RECURSION = YES;
				CLANG_WARN_INT_CONVERSION = YES;
				CLANG_WARN_NON_LITERAL_NULL_CONVERSION = YES;
				CLANG_WARN_OBJC_IMPLICIT_RETAIN_SELF = YES;
				CLANG_WARN_OBJC_LITERAL_CONVERSION = YES;
				CLANG_WARN_OBJC_ROOT_CLASS = YES_ERROR;
				CLANG_WARN_QUOTED_INCLUDE_IN_FRAMEWORK_HEADER = YES;
				CLANG_WARN_RANGE_LOOP_ANALYSIS = YES;
				CLANG_WARN_STRICT_PROTOTYPES = YES;
				CLANG_WARN_SUSPICIOUS_MOVE = YES;
				CLANG_WARN_UNGUARDED_AVAILABILITY = YES_AGGRESSIVE;
				CLANG_WARN_UNREACHABLE_CODE = YES;
				CLANG_WARN__DUPLICATE_METHOD_MATCH = YES;
				COPY_PHASE_STRIP = NO;
				DEBUG_INFORMATION_FORMAT = "dwarf-with-dsym";
				ENABLE_NS_ASSERTIONS = NO;
				ENABLE_STRICT_OBJC_MSGSEND = YES;
				ENABLE_USER_SCRIPT_SANDBOXING = YES;
				GCC_C_LANGUAGE_STANDARD = gnu11;
				GCC_NO_COMMON_BLOCKS = YES;
				GCC_WARN_64_TO_32_BIT_CONVERSION = YES;
				GCC_WARN_ABOUT_RETURN_TYPE = YES_ERROR;
				GCC_WARN_UNDECLARED_SELECTOR = YES;
				GCC_WARN_UNINITIALIZED_AUTOS = YES_AGGRESSIVE;
				GCC_WARN_UNUSED_FUNCTION = YES;
				GCC_WARN_UNUSED_VARIABLE = YES;
				IPHONEOS_DEPLOYMENT_TARGET = 16.4;
				MTL_ENABLE_DEBUG_INFO = NO;
				MTL_FAST_MATH = YES;
				SDKROOT = iphoneos;
				SWIFT_COMPILATION_MODE = wholemodule;
				SWIFT_OPTIMIZATION_LEVEL = "-O";
				VALIDATE_PRODUCT = YES;
			};
			name = Release;
		};
		767336B62A96822700CB3AA9 /* Debug */ = {
			isa = XCBuildConfiguration;
			buildSettings = {
				ASSETCATALOG_COMPILER_APPICON_NAME = AppIcon;
				ASSETCATALOG_COMPILER_GLOBAL_ACCENT_COLOR_NAME = AccentColor;
				CODE_SIGN_STYLE = Automatic;
				CURRENT_PROJECT_VERSION = 1;
				DEVELOPMENT_TEAM = B4R97N34U3;
				GENERATE_INFOPLIST_FILE = YES;
				INFOPLIST_FILE = punchLoudness/Info.plist;
				INFOPLIST_KEY_UIApplicationSupportsIndirectInputEvents = YES;
				INFOPLIST_KEY_UILaunchStoryboardName = LaunchScreen;
				INFOPLIST_KEY_UIMainStoryboardFile = "";
				INFOPLIST_KEY_UISupportedInterfaceOrientations_iPad = "UIInterfaceOrientationPortrait UIInterfaceOrientationPortraitUpsideDown UIInterfaceOrientationLandscapeLeft UIInterfaceOrientationLandscapeRight";
				INFOPLIST_KEY_UISupportedInterfaceOrientations_iPhone = "UIInterfaceOrientationPortrait UIInterfaceOrientationLandscapeLeft UIInterfaceOrientationLandscapeRight";
				LD_RUNPATH_SEARCH_PATHS = (
					"$(inherited)",
					"@executable_path/Frameworks",
				);
				MARKETING_VERSION = 1.0;
				PRODUCT_BUNDLE_IDENTIFIER = a1Loudness.punchLoudness;
				PRODUCT_NAME = "$(TARGET_NAME)";
				SUPPORTED_PLATFORMS = "iphoneos iphonesimulator";
				SUPPORTS_MACCATALYST = NO;
				SUPPORTS_MAC_DESIGNED_FOR_IPHONE_IPAD = NO;
				SWIFT_EMIT_LOC_STRINGS = YES;
				SWIFT_VERSION = 5.0;
				TARGETED_DEVICE_FAMILY = 1;
			};
			name = Debug;
		};
		767336B72A96822700CB3AA9 /* Release */ = {
			isa = XCBuildConfiguration;
			buildSettings = {
				ASSETCATALOG_COMPILER_APPICON_NAME = AppIcon;
				ASSETCATALOG_COMPILER_GLOBAL_ACCENT_COLOR_NAME = AccentColor;
				CODE_SIGN_STYLE = Automatic;
				CURRENT_PROJECT_VERSION = 1;
				DEVELOPMENT_TEAM = B4R97N34U3;
				GENERATE_INFOPLIST_FILE = YES;
				INFOPLIST_FILE = punchLoudness/Info.plist;
				INFOPLIST_KEY_UIApplicationSupportsIndirectInputEvents = YES;
				INFOPLIST_KEY_UILaunchStoryboardName = LaunchScreen;
				INFOPLIST_KEY_UIMainStoryboardFile = "";
				INFOPLIST_KEY_UISupportedInterfaceOrientations_iPad = "UIInterfaceOrientationPortrait UIInterfaceOrientationPortraitUpsideDown UIInterfaceOrientationLandscapeLeft UIInterfaceOrientationLandscapeRight";
				INFOPLIST_KEY_UISupportedInterfaceOrientations_iPhone = "UIInterfaceOrientationPortrait UIInterfaceOrientationLandscapeLeft UIInterfaceOrientationLandscapeRight";
				LD_RUNPATH_SEARCH_PATHS = (
					"$(inherited)",
					"@executable_path/Frameworks",
				);
				MARKETING_VERSION = 1.0;
				PRODUCT_BUNDLE_IDENTIFIER = a1Loudness.punchLoudness;
				PRODUCT_NAME = "$(TARGET_NAME)";
				SUPPORTED_PLATFORMS = "iphoneos iphonesimulator";
				SUPPORTS_MACCATALYST = NO;
				SUPPORTS_MAC_DESIGNED_FOR_IPHONE_IPAD = NO;
				SWIFT_EMIT_LOC_STRINGS = YES;
				SWIFT_VERSION = 5.0;
				TARGETED_DEVICE_FAMILY = 1;
			};
			name = Release;
		};
/* End XCBuildConfiguration section */

/* Begin XCConfigurationList section */
		7673369C2A96822600CB3AA9 /* Build configuration list for PBXProject "punchLoudness" */ = {
			isa = XCConfigurationList;
			buildConfigurations = (
				767336B32A96822700CB3AA9 /* Debug */,
				767336B42A96822700CB3AA9 /* Release */,
			);
			defaultConfigurationIsVisible = 0;
			defaultConfigurationName = Release;
		};
		767336B52A96822700CB3AA9 /* Build configuration list for PBXNativeTarget "punchLoudness" */ = {
			isa = XCConfigurationList;
			buildConfigurations = (
				767336B62A96822700CB3AA9 /* Debug */,
				767336B72A96822700CB3AA9 /* Release */,
			);
			defaultConfigurationIsVisible = 0;
			defaultConfigurationName = Release;
		};
/* End XCConfigurationList section */
	};
	rootObject = 767336992A96822600CB3AA9 /* Project object */;
}
